
Microsoft Visual Studio Solution File, Format Version 12.00
# Visual Studio 2012
Project("{FAE04EC0-301F-11D3-BF4B-00C04F79EFBC}") = "EntityMovieApp", "EntityMovieApp\EntityMovieApp.csproj", "{23DC3AF3-0744-403C-B463-E207E7C0CE6D}"
EndProject
Project("{FAE04EC0-301F-11D3-BF4B-00C04F79EFBC}") = "HelloWorld.DB", "HelloWorld.DB\HelloWorld.DB.csproj", "{D6055556-592D-4409-80B3-286F73E298A9}"
EndProject
Project("{FAE04EC0-301F-11D3-BF4B-00C04F79EFBC}") = "Helpers", "Helpers\Helpers.csproj", "{94A0A9C7-198E-43FF-8CEC-2CFC46EFE211}"
EndProject
Project("{FAE04EC0-301F-11D3-BF4B-00C04F79EFBC}") = "Interesct", "Interesct\Interesct.csproj", "{A163A901-4CF3-4A2B-B70C-9A478B25B7BB}"
EndProject
Global
	GlobalSection(SolutionConfigurationPlatforms) = preSolution
		Debug|Any CPU = Debug|Any CPU
		Debug|Mixed Platforms = Debug|Mixed Platforms
		Debug|x86 = Debug|x86
		DEV|Any CPU = DEV|Any CPU
		DEV|Mixed Platforms = DEV|Mixed Platforms
		DEV|x86 = DEV|x86
		LOCAL|Any CPU = LOCAL|Any CPU
		LOCAL|Mixed Platforms = LOCAL|Mixed Platforms
		LOCAL|x86 = LOCAL|x86
		PROD|Any CPU = PROD|Any CPU
		PROD|Mixed Platforms = PROD|Mixed Platforms
		PROD|x86 = PROD|x86
		QA|Any CPU = QA|Any CPU
		QA|Mixed Platforms = QA|Mixed Platforms
		QA|x86 = QA|x86
		RC|Any CPU = RC|Any CPU
		RC|Mixed Platforms = RC|Mixed Platforms
		RC|x86 = RC|x86
		Release|Any CPU = Release|Any CPU
		Release|Mixed Platforms = Release|Mixed Platforms
		Release|x86 = Release|x86
	EndGlobalSection
	GlobalSection(ProjectConfigurationPlatforms) = postSolution
		{23DC3AF3-0744-403C-B463-E207E7C0CE6D}.Debug|Any CPU.ActiveCfg = Debug|x86
		{23DC3AF3-0744-403C-B463-E207E7C0CE6D}.Debug|Mixed Platforms.ActiveCfg = Debug|x86
		{23DC3AF3-0744-403C-B463-E207E7C0CE6D}.Debug|Mixed Platforms.Build.0 = Debug|x86
		{23DC3AF3-0744-403C-B463-E207E7C0CE6D}.Debug|x86.ActiveCfg = Debug|x86
		{23DC3AF3-0744-403C-B463-E207E7C0CE6D}.Debug|x86.Build.0 = Debug|x86
		{23DC3AF3-0744-403C-B463-E207E7C0CE6D}.DEV|Any CPU.ActiveCfg = Debug|x86
		{23DC3AF3-0744-403C-B463-E207E7C0CE6D}.DEV|Mixed Platforms.ActiveCfg = Debug|x86
		{23DC3AF3-0744-403C-B463-E207E7C0CE6D}.DEV|Mixed Platforms.Build.0 = Debug|x86
		{23DC3AF3-0744-403C-B463-E207E7C0CE6D}.DEV|x86.ActiveCfg = Debug|x86
		{23DC3AF3-0744-403C-B463-E207E7C0CE6D}.DEV|x86.Build.0 = Debug|x86
		{23DC3AF3-0744-403C-B463-E207E7C0CE6D}.LOCAL|Any CPU.ActiveCfg = Release|x86
		{23DC3AF3-0744-403C-B463-E207E7C0CE6D}.LOCAL|Mixed Platforms.ActiveCfg = Release|x86
		{23DC3AF3-0744-403C-B463-E207E7C0CE6D}.LOCAL|Mixed Platforms.Build.0 = Release|x86
		{23DC3AF3-0744-403C-B463-E207E7C0CE6D}.LOCAL|x86.ActiveCfg = Release|x86
		{23DC3AF3-0744-403C-B463-E207E7C0CE6D}.LOCAL|x86.Build.0 = Release|x86
		{23DC3AF3-0744-403C-B463-E207E7C0CE6D}.PROD|Any CPU.ActiveCfg = Release|x86
		{23DC3AF3-0744-403C-B463-E207E7C0CE6D}.PROD|Mixed Platforms.ActiveCfg = Release|x86
		{23DC3AF3-0744-403C-B463-E207E7C0CE6D}.PROD|Mixed Platforms.Build.0 = Release|x86
		{23DC3AF3-0744-403C-B463-E207E7C0CE6D}.PROD|x86.ActiveCfg = Release|x86
		{23DC3AF3-0744-403C-B463-E207E7C0CE6D}.PROD|x86.Build.0 = Release|x86
		{23DC3AF3-0744-403C-B463-E207E7C0CE6D}.QA|Any CPU.ActiveCfg = Release|x86
		{23DC3AF3-0744-403C-B463-E207E7C0CE6D}.QA|Mixed Platforms.ActiveCfg = Release|x86
		{23DC3AF3-0744-403C-B463-E207E7C0CE6D}.QA|Mixed Platforms.Build.0 = Release|x86
		{23DC3AF3-0744-403C-B463-E207E7C0CE6D}.QA|x86.ActiveCfg = Release|x86
		{23DC3AF3-0744-403C-B463-E207E7C0CE6D}.QA|x86.Build.0 = Release|x86
		{23DC3AF3-0744-403C-B463-E207E7C0CE6D}.RC|Any CPU.ActiveCfg = Release|x86
		{23DC3AF3-0744-403C-B463-E207E7C0CE6D}.RC|Mixed Platforms.ActiveCfg = Release|x86
		{23DC3AF3-0744-403C-B463-E207E7C0CE6D}.RC|Mixed Platforms.Build.0 = Release|x86
		{23DC3AF3-0744-403C-B463-E207E7C0CE6D}.RC|x86.ActiveCfg = Release|x86
		{23DC3AF3-0744-403C-B463-E207E7C0CE6D}.RC|x86.Build.0 = Release|x86
		{23DC3AF3-0744-403C-B463-E207E7C0CE6D}.Release|Any CPU.ActiveCfg = Release|x86
		{23DC3AF3-0744-403C-B463-E207E7C0CE6D}.Release|Mixed Platforms.ActiveCfg = Release|x86
		{23DC3AF3-0744-403C-B463-E207E7C0CE6D}.Release|Mixed Platforms.Build.0 = Release|x86
		{23DC3AF3-0744-403C-B463-E207E7C0CE6D}.Release|x86.ActiveCfg = Release|x86
		{23DC3AF3-0744-403C-B463-E207E7C0CE6D}.Release|x86.Build.0 = Release|x86
		{D6055556-592D-4409-80B3-286F73E298A9}.Debug|Any CPU.ActiveCfg = Debug|Any CPU
		{D6055556-592D-4409-80B3-286F73E298A9}.Debug|Any CPU.Build.0 = Debug|Any CPU
		{D6055556-592D-4409-80B3-286F73E298A9}.Debug|Mixed Platforms.ActiveCfg = Debug|Any CPU
		{D6055556-592D-4409-80B3-286F73E298A9}.Debug|Mixed Platforms.Build.0 = Debug|Any CPU
		{D6055556-592D-4409-80B3-286F73E298A9}.Debug|x86.ActiveCfg = Debug|Any CPU
		{D6055556-592D-4409-80B3-286F73E298A9}.DEV|Any CPU.ActiveCfg = Debug|Any CPU
		{D6055556-592D-4409-80B3-286F73E298A9}.DEV|Any CPU.Build.0 = Debug|Any CPU
		{D6055556-592D-4409-80B3-286F73E298A9}.DEV|Mixed Platforms.ActiveCfg = Debug|Any CPU
		{D6055556-592D-4409-80B3-286F73E298A9}.DEV|Mixed Platforms.Build.0 = Debug|Any CPU
		{D6055556-592D-4409-80B3-286F73E298A9}.DEV|x86.ActiveCfg = Debug|Any CPU
		{D6055556-592D-4409-80B3-286F73E298A9}.LOCAL|Any CPU.ActiveCfg = Release|Any CPU
		{D6055556-592D-4409-80B3-286F73E298A9}.LOCAL|Any CPU.Build.0 = Release|Any CPU
		{D6055556-592D-4409-80B3-286F73E298A9}.LOCAL|Mixed Platforms.ActiveCfg = Release|Any CPU
		{D6055556-592D-4409-80B3-286F73E298A9}.LOCAL|Mixed Platforms.Build.0 = Release|Any CPU
		{D6055556-592D-4409-80B3-286F73E298A9}.LOCAL|x86.ActiveCfg = Release|Any CPU
		{D6055556-592D-4409-80B3-286F73E298A9}.PROD|Any CPU.ActiveCfg = Release|Any CPU
		{D6055556-592D-4409-80B3-286F73E298A9}.PROD|Any CPU.Build.0 = Release|Any CPU
		{D6055556-592D-4409-80B3-286F73E298A9}.PROD|Mixed Platforms.ActiveCfg = Release|Any CPU
		{D6055556-592D-4409-80B3-286F73E298A9}.PROD|Mixed Platforms.Build.0 = Release|Any CPU
		{D6055556-592D-4409-80B3-286F73E298A9}.PROD|x86.ActiveCfg = Release|Any CPU
		{D6055556-592D-4409-80B3-286F73E298A9}.QA|Any CPU.ActiveCfg = Release|Any CPU
		{D6055556-592D-4409-80B3-286F73E298A9}.QA|Any CPU.Build.0 = Release|Any CPU
		{D6055556-592D-4409-80B3-286F73E298A9}.QA|Mixed Platforms.ActiveCfg = Release|Any CPU
		{D6055556-592D-4409-80B3-286F73E298A9}.QA|Mixed Platforms.Build.0 = Release|Any CPU
		{D6055556-592D-4409-80B3-286F73E298A9}.QA|x86.ActiveCfg = Release|Any CPU
		{D6055556-592D-4409-80B3-286F73E298A9}.RC|Any CPU.ActiveCfg = Release|Any CPU
		{D6055556-592D-4409-80B3-286F73E298A9}.RC|Any CPU.Build.0 = Release|Any CPU
		{D6055556-592D-4409-80B3-286F73E298A9}.RC|Mixed Platforms.ActiveCfg = Release|Any CPU
		{D6055556-592D-4409-80B3-286F73E298A9}.RC|Mixed Platforms.Build.0 = Release|Any CPU
		{D6055556-592D-4409-80B3-286F73E298A9}.RC|x86.ActiveCfg = Release|Any CPU
		{D6055556-592D-4409-80B3-286F73E298A9}.Release|Any CPU.ActiveCfg = Release|Any CPU
		{D6055556-592D-4409-80B3-286F73E298A9}.Release|Any CPU.Build.0 = Release|Any CPU
		{D6055556-592D-4409-80B3-286F73E298A9}.Release|Mixed Platforms.ActiveCfg = Release|Any CPU
		{D6055556-592D-4409-80B3-286F73E298A9}.Release|Mixed Platforms.Build.0 = Release|Any CPU
		{D6055556-592D-4409-80B3-286F73E298A9}.Release|x86.ActiveCfg = Release|Any CPU
		{94A0A9C7-198E-43FF-8CEC-2CFC46EFE211}.Debug|Any CPU.ActiveCfg = Debug|Any CPU
		{94A0A9C7-198E-43FF-8CEC-2CFC46EFE211}.Debug|Any CPU.Build.0 = Debug|Any CPU
		{94A0A9C7-198E-43FF-8CEC-2CFC46EFE211}.Debug|Mixed Platforms.ActiveCfg = Debug|Any CPU
		{94A0A9C7-198E-43FF-8CEC-2CFC46EFE211}.Debug|Mixed Platforms.Build.0 = Debug|Any CPU
		{94A0A9C7-198E-43FF-8CEC-2CFC46EFE211}.Debug|x86.ActiveCfg = Debug|Any CPU
		{94A0A9C7-198E-43FF-8CEC-2CFC46EFE211}.DEV|Any CPU.ActiveCfg = Debug|Any CPU
		{94A0A9C7-198E-43FF-8CEC-2CFC46EFE211}.DEV|Any CPU.Build.0 = Debug|Any CPU
		{94A0A9C7-198E-43FF-8CEC-2CFC46EFE211}.DEV|Mixed Platforms.ActiveCfg = Debug|Any CPU
		{94A0A9C7-198E-43FF-8CEC-2CFC46EFE211}.DEV|Mixed Platforms.Build.0 = Debug|Any CPU
		{94A0A9C7-198E-43FF-8CEC-2CFC46EFE211}.DEV|x86.ActiveCfg = Debug|Any CPU
		{94A0A9C7-198E-43FF-8CEC-2CFC46EFE211}.LOCAL|Any CPU.ActiveCfg = Release|Any CPU
		{94A0A9C7-198E-43FF-8CEC-2CFC46EFE211}.LOCAL|Any CPU.Build.0 = Release|Any CPU
		{94A0A9C7-198E-43FF-8CEC-2CFC46EFE211}.LOCAL|Mixed Platforms.ActiveCfg = Release|Any CPU
		{94A0A9C7-198E-43FF-8CEC-2CFC46EFE211}.LOCAL|Mixed Platforms.Build.0 = Release|Any CPU
		{94A0A9C7-198E-43FF-8CEC-2CFC46EFE211}.LOCAL|x86.ActiveCfg = Release|Any CPU
		{94A0A9C7-198E-43FF-8CEC-2CFC46EFE211}.PROD|Any CPU.ActiveCfg = Release|Any CPU
		{94A0A9C7-198E-43FF-8CEC-2CFC46EFE211}.PROD|Any CPU.Build.0 = Release|Any CPU
		{94A0A9C7-198E-43FF-8CEC-2CFC46EFE211}.PROD|Mixed Platforms.ActiveCfg = Release|Any CPU
		{94A0A9C7-198E-43FF-8CEC-2CFC46EFE211}.PROD|Mixed Platforms.Build.0 = Release|Any CPU
		{94A0A9C7-198E-43FF-8CEC-2CFC46EFE211}.PROD|x86.ActiveCfg = Release|Any CPU
		{94A0A9C7-198E-43FF-8CEC-2CFC46EFE211}.QA|Any CPU.ActiveCfg = Release|Any CPU
		{94A0A9C7-198E-43FF-8CEC-2CFC46EFE211}.QA|Any CPU.Build.0 = Release|Any CPU
		{94A0A9C7-198E-43FF-8CEC-2CFC46EFE211}.QA|Mixed Platforms.ActiveCfg = Release|Any CPU
		{94A0A9C7-198E-43FF-8CEC-2CFC46EFE211}.QA|Mixed Platforms.Build.0 = Release|Any CPU
		{94A0A9C7-198E-43FF-8CEC-2CFC46EFE211}.QA|x86.ActiveCfg = Release|Any CPU
		{94A0A9C7-198E-43FF-8CEC-2CFC46EFE211}.RC|Any CPU.ActiveCfg = Release|Any CPU
		{94A0A9C7-198E-43FF-8CEC-2CFC46EFE211}.RC|Any CPU.Build.0 = Release|Any CPU
		{94A0A9C7-198E-43FF-8CEC-2CFC46EFE211}.RC|Mixed Platforms.ActiveCfg = Release|Any CPU
		{94A0A9C7-198E-43FF-8CEC-2CFC46EFE211}.RC|Mixed Platforms.Build.0 = Release|Any CPU
		{94A0A9C7-198E-43FF-8CEC-2CFC46EFE211}.RC|x86.ActiveCfg = Release|Any CPU
		{94A0A9C7-198E-43FF-8CEC-2CFC46EFE211}.Release|Any CPU.ActiveCfg = Release|Any CPU
		{94A0A9C7-198E-43FF-8CEC-2CFC46EFE211}.Release|Any CPU.Build.0 = Release|Any CPU
		{94A0A9C7-198E-43FF-8CEC-2CFC46EFE211}.Release|Mixed Platforms.ActiveCfg = Release|Any CPU
		{94A0A9C7-198E-43FF-8CEC-2CFC46EFE211}.Release|Mixed Platforms.Build.0 = Release|Any CPU
		{94A0A9C7-198E-43FF-8CEC-2CFC46EFE211}.Release|x86.ActiveCfg = Release|Any CPU
		{A163A901-4CF3-4A2B-B70C-9A478B25B7BB}.Debug|Any CPU.ActiveCfg = Debug|Any CPU
		{A163A901-4CF3-4A2B-B70C-9A478B25B7BB}.Debug|Any CPU.Build.0 = Debug|Any CPU
		{A163A901-4CF3-4A2B-B70C-9A478B25B7BB}.Debug|Mixed Platforms.ActiveCfg = Debug|Any CPU
		{A163A901-4CF3-4A2B-B70C-9A478B25B7BB}.Debug|Mixed Platforms.Build.0 = Debug|Any CPU
		{A163A901-4CF3-4A2B-B70C-9A478B25B7BB}.Debug|x86.ActiveCfg = Debug|Any CPU
		{A163A901-4CF3-4A2B-B70C-9A478B25B7BB}.DEV|Any CPU.ActiveCfg = Debug|Any CPU
		{A163A901-4CF3-4A2B-B70C-9A478B25B7BB}.DEV|Any CPU.Build.0 = Debug|Any CPU
		{A163A901-4CF3-4A2B-B70C-9A478B25B7BB}.DEV|Mixed Platforms.ActiveCfg = Debug|Any CPU
		{A163A901-4CF3-4A2B-B70C-9A478B25B7BB}.DEV|Mixed Platforms.Build.0 = Debug|Any CPU
		{A163A901-4CF3-4A2B-B70C-9A478B25B7BB}.DEV|x86.ActiveCfg = Debug|Any CPU
		{A163A901-4CF3-4A2B-B70C-9A478B25B7BB}.LOCAL|Any CPU.ActiveCfg = Release|Any CPU
		{A163A901-4CF3-4A2B-B70C-9A478B25B7BB}.LOCAL|Any CPU.Build.0 = Release|Any CPU
		{A163A901-4CF3-4A2B-B70C-9A478B25B7BB}.LOCAL|Mixed Platforms.ActiveCfg = Release|Any CPU
		{A163A901-4CF3-4A2B-B70C-9A478B25B7BB}.LOCAL|Mixed Platforms.Build.0 = Release|Any CPU
		{A163A901-4CF3-4A2B-B70C-9A478B25B7BB}.LOCAL|x86.ActiveCfg = Release|Any CPU
		{A163A901-4CF3-4A2B-B70C-9A478B25B7BB}.PROD|Any CPU.ActiveCfg = Release|Any CPU
		{A163A901-4CF3-4A2B-B70C-9A478B25B7BB}.PROD|Any CPU.Build.0 = Release|Any CPU
		{A163A901-4CF3-4A2B-B70C-9A478B25B7BB}.PROD|Mixed Platforms.ActiveCfg = Release|Any CPU
		{A163A901-4CF3-4A2B-B70C-9A478B25B7BB}.PROD|Mixed Platforms.Build.0 = Release|Any CPU
		{A163A901-4CF3-4A2B-B70C-9A478B25B7BB}.PROD|x86.ActiveCfg = Release|Any CPU
		{A163A901-4CF3-4A2B-B70C-9A478B25B7BB}.QA|Any CPU.ActiveCfg = Release|Any CPU
		{A163A901-4CF3-4A2B-B70C-9A478B25B7BB}.QA|Any CPU.Build.0 = Release|Any CPU
		{A163A901-4CF3-4A2B-B70C-9A478B25B7BB}.QA|Mixed Platforms.ActiveCfg = Release|Any CPU
		{A163A901-4CF3-4A2B-B70C-9A478B25B7BB}.QA|Mixed Platforms.Build.0 = Release|Any CPU
		{A163A901-4CF3-4A2B-B70C-9A478B25B7BB}.QA|x86.ActiveCfg = Release|Any CPU
		{A163A901-4CF3-4A2B-B70C-9A478B25B7BB}.RC|Any CPU.ActiveCfg = Release|Any CPU
		{A163A901-4CF3-4A2B-B70C-9A478B25B7BB}.RC|Any CPU.Build.0 = Release|Any CPU
		{A163A901-4CF3-4A2B-B70C-9A478B25B7BB}.RC|Mixed Platforms.ActiveCfg = Release|Any CPU
		{A163A901-4CF3-4A2B-B70C-9A478B25B7BB}.RC|Mixed Platforms.Build.0 = Release|Any CPU
		{A163A901-4CF3-4A2B-B70C-9A478B25B7BB}.RC|x86.ActiveCfg = Release|Any CPU
		{A163A901-4CF3-4A2B-B70C-9A478B25B7BB}.Release|Any CPU.ActiveCfg = Release|Any CPU
		{A163A901-4CF3-4A2B-B70C-9A478B25B7BB}.Release|Any CPU.Build.0 = Release|Any CPU
		{A163A901-4CF3-4A2B-B70C-9A478B25B7BB}.Release|Mixed Platforms.ActiveCfg = Release|Any CPU
		{A163A901-4CF3-4A2B-B70C-9A478B25B7BB}.Release|Mixed Platforms.Build.0 = Release|Any CPU
		{A163A901-4CF3-4A2B-B70C-9A478B25B7BB}.Release|x86.ActiveCfg = Release|Any CPU
	EndGlobalSection
	GlobalSection(SolutionProperties) = preSolution
		HideSolutionNode = FALSE
	EndGlobalSection
EndGlobal
